{
  "nodes": {
    "crane": {
      "locked": {
        "lastModified": 1777830388,
        "narHash": "sha256-2uoQAqUk2H0ijQtGiWAyNeQYGYc6yfAcRRLlJAz4Gp8=",
        "owner": "ipetkov",
        "repo": "crane",
        "rev": "d459c1350e96ce1a7e3859c513ef5e9869d67d6f",
        "type": "github"
      },
      "original": {
        "owner": "ipetkov",
        "repo": "crane",
        "type": "github"
      }
    },
    "my-nix": {
      "inputs": {
        "crane": "crane",
        "fp": [
          "parts"
        ],
        "nixpkgs": [
          "nixpkgs"
        ],
        "rust-overlay": "rust-overlay",
        "tools": "tools"
      },
      "locked": {
        "lastModified": 1778754546,
        "narHash": "sha256-ADXo7Ni5fxrKQHBcTZJ5jI5eGQl/eftOCIctg54kD4g=",
        "owner": "nmrshll",
        "repo": "nix-utils",
        "rev": "581f96d8de6b7acfdfb5ec4436a841d03020b96c",
        "type": "github"
      },
      "original": {
        "owner": "nmrshll",
        "repo": "nix-utils",
        "type": "github"
      }
    },
    "nixpkgs": {
      "inputs": {
        "nixpkgs-src": "nixpkgs-src"
      },
      "locked": {
        "lastModified": 1778507786,
        "narHash": "sha256-HzSQCKMsMr8r55LwM1JuzIOB+8bzk0FEv6sItKvsfoY=",
        "owner": "cachix",
        "repo": "devenv-nixpkgs",
        "rev": "8f24a228a782e24576b155d1e39f0d914b380691",
        "type": "github"
      },
      "original": {
        "owner": "cachix",
        "ref": "rolling",
        "repo": "devenv-nixpkgs",
        "type": "github"
      }
    },
    "nixpkgs-lib": {
      "locked": {
        "lastModified": 1777168982,
        "narHash": "sha256-GOkGPcboWE9BmGCRMLX3worL4EMnsnG8MyKmXNeYuhQ=",
        "owner": "nix-community",
        "repo": "nixpkgs.lib",
        "rev": "f5901329dade4a6ea039af1433fb087bd9c1fe14",
        "type": "github"
      },
      "original": {
        "owner": "nix-community",
        "repo": "nixpkgs.lib",
        "type": "github"
      }
    },
    "nixpkgs-src": {
      "flake": false,
      "locked": {
        "lastModified": 1778274207,
        "narHash": "sha256-I4puXmX1iovcCHZlRmztO3vW0mAbbRvq4F8wgIMQ1MM=",
        "owner": "NixOS",
        "repo": "nixpkgs",
        "rev": "b3da656039dc7a6240f27b2ef8cc6a3ef3bccae7",
        "type": "github"
      },
      "original": {
        "owner": "NixOS",
        "ref": "nixpkgs-unstable",
        "repo": "nixpkgs",
        "type": "github"
      }
    },
    "parts": {
      "inputs": {
        "nixpkgs-lib": "nixpkgs-lib"
      },
      "locked": {
        "lastModified": 1778716662,
        "narHash": "sha256-m1Yf0wZ8j1OHjTc2UwHwyQRSnNeSgLJOd7q5Y45hzi4=",
        "owner": "hercules-ci",
        "repo": "flake-parts",
        "rev": "f7c1a2d347e4c52d5fb8d10cb4d94b5884e546fb",
        "type": "github"
      },
      "original": {
        "owner": "hercules-ci",
        "repo": "flake-parts",
        "type": "github"
      }
    },
    "root": {
      "inputs": {
        "my-nix": "my-nix",
        "nixpkgs": "nixpkgs",
        "parts": "parts"
      }
    },
    "rust-overlay": {
      "inputs": {
        "nixpkgs": [
          "my-nix",
          "nixpkgs"
        ]
      },
      "locked": {
        "lastModified": 1777864665,
        "narHash": "sha256-oE4lnjiBa3uE+dP9jM0jFzofP1xYIlK6IQBjLfWjH04=",
        "owner": "oxalica",
        "repo": "rust-overlay",
        "rev": "669151bbc7f2416b622af2f48e9136e2c9da5530",
        "type": "github"
      },
      "original": {
        "owner": "oxalica",
        "repo": "rust-overlay",
        "type": "github"
      }
    },
    "tools": {
      "inputs": {
        "my-nix": [
          "my-nix"
        ],
        "nixpkgs": [
          "my-nix",
          "nixpkgs"
        ],
        "parts": [
          "my-nix",
          "fp"
        ]
      },
      "locked": {
        "lastModified": 1778754426,
        "narHash": "sha256-9agiA2LStvrREod1qyz9IHs6zU/rTA9VcI+1wQcvUt4=",
        "ref": "refs/heads/main",
        "rev": "bc649e78cc944b74bcf135c95b002ca2f064cc2c",
        "revCount": 105,
        "type": "git",
        "url": "ssh://git@gitlab.com/nmrshll/tools.git"
      },
      "original": {
        "type": "git",
        "url": "ssh://git@gitlab.com/nmrshll/tools.git"
      }
    }
  },
  "root": "root",
  "version": 7
}
