{
  "nodes": {
    "crane": {
      "locked": {
        "lastModified": 1779041105,
        "narHash": "sha256-nnGD2f8OlAZT2i5OfwikJsw+ifWfiA4d6A8BWlgOXV0=",
        "owner": "ipetkov",
        "repo": "crane",
        "rev": "10e6e3cb966f7cfcc789fe5eee7a85f3188ce08b",
        "type": "github"
      },
      "original": {
        "owner": "ipetkov",
        "repo": "crane",
        "type": "github"
      }
    },
    "my-nix": {
      "inputs": {
        "crane": "crane",
        "fp": [
          "parts"
        ],
        "nixpkgs": [
          "nixpkgs"
        ],
        "rust-overlay": "rust-overlay",
        "tools": "tools"
      },
      "locked": {
        "lastModified": 1779086314,
        "narHash": "sha256-b6CxnOLQhIcd8qWx6vFExNW4JBxXx6m3fTJmCngny0o=",
        "owner": "nmrshll",
        "repo": "nix-utils",
        "rev": "7276f3902e64f9e6f480a937e609caa319b4205e",
        "type": "github"
      },
      "original": {
        "owner": "nmrshll",
        "repo": "nix-utils",
        "type": "github"
      }
    },
    "nixpkgs": {
      "inputs": {
        "nixpkgs-src": "nixpkgs-src"
      },
      "locked": {
        "lastModified": 1778507786,
        "narHash": "sha256-HzSQCKMsMr8r55LwM1JuzIOB+8bzk0FEv6sItKvsfoY=",
        "owner": "cachix",
        "repo": "devenv-nixpkgs",
        "rev": "8f24a228a782e24576b155d1e39f0d914b380691",
        "type": "github"
      },
      "original": {
        "owner": "cachix",
        "ref": "rolling",
        "repo": "devenv-nixpkgs",
        "type": "github"
      }
    },
    "nixpkgs-lib": {
      "locked": {
        "lastModified": 1777168982,
        "narHash": "sha256-GOkGPcboWE9BmGCRMLX3worL4EMnsnG8MyKmXNeYuhQ=",
        "owner": "nix-community",
        "repo": "nixpkgs.lib",
        "rev": "f5901329dade4a6ea039af1433fb087bd9c1fe14",
        "type": "github"
      },
      "original": {
        "owner": "nix-community",
        "repo": "nixpkgs.lib",
        "type": "github"
      }
    },
    "nixpkgs-src": {
      "flake": false,
      "locked": {
        "lastModified": 1778274207,
        "narHash": "sha256-I4puXmX1iovcCHZlRmztO3vW0mAbbRvq4F8wgIMQ1MM=",
        "owner": "NixOS",
        "repo": "nixpkgs",
        "rev": "b3da656039dc7a6240f27b2ef8cc6a3ef3bccae7",
        "type": "github"
      },
      "original": {
        "owner": "NixOS",
        "ref": "nixpkgs-unstable",
        "repo": "nixpkgs",
        "type": "github"
      }
    },
    "parts": {
      "inputs": {
        "nixpkgs-lib": "nixpkgs-lib"
      },
      "locked": {
        "lastModified": 1778716662,
        "narHash": "sha256-m1Yf0wZ8j1OHjTc2UwHwyQRSnNeSgLJOd7q5Y45hzi4=",
        "owner": "hercules-ci",
        "repo": "flake-parts",
        "rev": "f7c1a2d347e4c52d5fb8d10cb4d94b5884e546fb",
        "type": "github"
      },
      "original": {
        "owner": "hercules-ci",
        "repo": "flake-parts",
        "type": "github"
      }
    },
    "root": {
      "inputs": {
        "my-nix": "my-nix",
        "nixpkgs": "nixpkgs",
        "parts": "parts"
      }
    },
    "rust-overlay": {
      "inputs": {
        "nixpkgs": [
          "my-nix",
          "nixpkgs"
        ]
      },
      "locked": {
        "lastModified": 1778987862,
        "narHash": "sha256-V3qGt9P1eJP/r/1ONablphfGiH0RP4agQhrRANpDYx8=",
        "owner": "oxalica",
        "repo": "rust-overlay",
        "rev": "6f44d8874ac29806c8d5cae42bf8e19ebb5ce0d3",
        "type": "github"
      },
      "original": {
        "owner": "oxalica",
        "repo": "rust-overlay",
        "type": "github"
      }
    },
    "tools": {
      "inputs": {
        "my-nix": [
          "my-nix"
        ],
        "nixpkgs": [
          "my-nix",
          "nixpkgs"
        ],
        "parts": [
          "my-nix",
          "fp"
        ]
      },
      "locked": {
        "lastModified": 1779046325,
        "narHash": "sha256-+sm4908w8eodr3W2SLCpmMNz1mxVB0QMl5qcq8dI/rw=",
        "ref": "refs/heads/main",
        "rev": "8387ecc359c9211c8e27c0897603bf2f700fe8f7",
        "revCount": 106,
        "type": "git",
        "url": "ssh://git@gitlab.com/nmrshll/tools.git"
      },
      "original": {
        "type": "git",
        "url": "ssh://git@gitlab.com/nmrshll/tools.git"
      }
    }
  },
  "root": "root",
  "version": 7
}
