{
  "nodes": {
    "crane": {
      "locked": {
        "lastModified": 1781825982,
        "narHash": "sha256-SlXKwIRIhrOSAcTjCB3ftPLzJWZStQIPS7J1FlZPnKk=",
        "owner": "ipetkov",
        "repo": "crane",
        "rev": "469fd08d0bcf6926321fa973c6777fbc87785dd7",
        "type": "github"
      },
      "original": {
        "owner": "ipetkov",
        "repo": "crane",
        "type": "github"
      }
    },
    "my-nix": {
      "inputs": {
        "crane": "crane",
        "fp": [
          "parts"
        ],
        "nixpkgs": [
          "nixpkgs"
        ],
        "rust-overlay": "rust-overlay",
        "tools": "tools"
      },
      "locked": {
        "lastModified": 1790006791,
        "narHash": "sha256-r4mZPp8O29pPoJ8p7A4x3Oqz2NcUwFKDwupXvbei6LQ=",
        "owner": "nmrshll",
        "repo": "nix-utils",
        "rev": "6c53f1b24399e264a6522781d1f4774cbfa8e875",
        "type": "github"
      },
      "original": {
        "owner": "nmrshll",
        "repo": "nix-utils",
        "type": "github"
      }
    },
    "nixpkgs": {
      "inputs": {
        "nixpkgs-src": "nixpkgs-src"
      },
      "locked": {
        "lastModified": 1789506231,
        "narHash": "sha256-vNkJbtmqyBfFhn/HnzQo4ROuoyYWuy/allqTfJb4kMY=",
        "owner": "cachix",
        "repo": "devenv-nixpkgs",
        "rev": "c2f38fe7f9e04d9aadd354d380f2bd40531d9737",
        "type": "github"
      },
      "original": {
        "owner": "cachix",
        "ref": "rolling",
        "repo": "devenv-nixpkgs",
        "type": "github"
      }
    },
    "nixpkgs-lib": {
      "locked": {
        "lastModified": 1777168982,
        "narHash": "sha256-GOkGPcboWE9BmGCRMLX3worL4EMnsnG8MyKmXNeYuhQ=",
        "owner": "nix-community",
        "repo": "nixpkgs.lib",
        "rev": "f5901329dade4a6ea039af1433fb087bd9c1fe14",
        "type": "github"
      },
      "original": {
        "owner": "nix-community",
        "repo": "nixpkgs.lib",
        "type": "github"
      }
    },
    "nixpkgs-src": {
      "flake": false,
      "locked": {
        "lastModified": 1789370336,
        "narHash": "sha256-6RSEDHIWQtesQKWSu5qRai8L2h4KgCgMEfJHstW99G4=",
        "owner": "NixOS",
        "repo": "nixpkgs",
        "rev": "c7def046b9a883d46974757852106483d741586f",
        "type": "github"
      },
      "original": {
        "owner": "NixOS",
        "ref": "nixpkgs-unstable",
        "repo": "nixpkgs",
        "type": "github"
      }
    },
    "parts": {
      "inputs": {
        "nixpkgs-lib": "nixpkgs-lib"
      },
      "locked": {
        "lastModified": 1778716662,
        "narHash": "sha256-m1Yf0wZ8j1OHjTc2UwHwyQRSnNeSgLJOd7q5Y45hzi4=",
        "owner": "hercules-ci",
        "repo": "flake-parts",
        "rev": "f7c1a2d347e4c52d5fb8d10cb4d94b5884e546fb",
        "type": "github"
      },
      "original": {
        "owner": "hercules-ci",
        "repo": "flake-parts",
        "type": "github"
      }
    },
    "root": {
      "inputs": {
        "my-nix": "my-nix",
        "nixpkgs": "nixpkgs",
        "parts": "parts"
      }
    },
    "rust-overlay": {
      "inputs": {
        "nixpkgs": [
          "my-nix",
          "nixpkgs"
        ]
      },
      "locked": {
        "lastModified": 1782875958,
        "narHash": "sha256-5eqDcnBjb1424HRQdnhuhNOBZguq1Z2tqSa2OMF/m2c=",
        "owner": "oxalica",
        "repo": "rust-overlay",
        "rev": "13139aefa973f3d96c60c0fbab801de058ae25ca",
        "type": "github"
      },
      "original": {
        "owner": "oxalica",
        "repo": "rust-overlay",
        "type": "github"
      }
    },
    "tools": {
      "inputs": {
        "my-nix": [
          "my-nix"
        ],
        "nixpkgs": [
          "my-nix",
          "nixpkgs"
        ],
        "parts": [
          "my-nix",
          "fp"
        ]
      },
      "locked": {
        "lastModified": 1781800794,
        "narHash": "sha256-0HX2R05ASGAWpCumA7p4fU1c9ldDIDToR/NBloTk3bc=",
        "ref": "refs/heads/main",
        "rev": "c677a9de6b1c69364faddad51009265f7cb2ccd4",
        "revCount": 111,
        "type": "git",
        "url": "ssh://git@gitlab.com/nmrshll/tools.git"
      },
      "original": {
        "type": "git",
        "url": "ssh://git@gitlab.com/nmrshll/tools.git"
      }
    }
  },
  "root": "root",
  "version": 7
}
